
Microsoft Visual Studio Solution File, Format Version 12.00
# Visual Studio 2012
Project("{8BC9CEB8-8B4A-11D0-8D11-00A0C91BC942}") = "Problem_4", "Problem_4\Problem_4.vcxproj", "{1ECF4892-935A-45DC-ABEF-5E7E1AEBF324}"
EndProject
Global
	GlobalSection(SolutionConfigurationPlatforms) = preSolution
		Debug|Win32 = Debug|Win32
		Release|Win32 = Release|Win32
	EndGlobalSection
	GlobalSection(ProjectConfigurationPlatforms) = postSolution
		{1ECF4892-935A-45DC-ABEF-5E7E1AEBF324}.Debug|Win32.ActiveCfg = Debug|Win32
		{1ECF4892-935A-45DC-ABEF-5E7E1AEBF324}.Debug|Win32.Build.0 = Debug|Win32
		{1ECF4892-935A-45DC-ABEF-5E7E1AEBF324}.Release|Win32.ActiveCfg = Release|Win32
		{1ECF4892-935A-45DC-ABEF-5E7E1AEBF324}.Release|Win32.Build.0 = Release|Win32
	EndGlobalSection
	GlobalSection(SolutionProperties) = preSolution
		HideSolutionNode = FALSE
	EndGlobalSection
EndGlobal
