
Microsoft Visual Studio Solution File, Format Version 12.00
# Visual Studio 2012
Project("{8BC9CEB8-8B4A-11D0-8D11-00A0C91BC942}") = "Problem_4", "Problem_4\Problem_4.vcxproj", "{D932D190-D0F5-40DA-BCF0-F7BDDF38C113}"
EndProject
Global
	GlobalSection(SolutionConfigurationPlatforms) = preSolution
		Debug|Win32 = Debug|Win32
		Release|Win32 = Release|Win32
	EndGlobalSection
	GlobalSection(ProjectConfigurationPlatforms) = postSolution
		{D932D190-D0F5-40DA-BCF0-F7BDDF38C113}.Debug|Win32.ActiveCfg = Debug|Win32
		{D932D190-D0F5-40DA-BCF0-F7BDDF38C113}.Debug|Win32.Build.0 = Debug|Win32
		{D932D190-D0F5-40DA-BCF0-F7BDDF38C113}.Release|Win32.ActiveCfg = Release|Win32
		{D932D190-D0F5-40DA-BCF0-F7BDDF38C113}.Release|Win32.Build.0 = Release|Win32
	EndGlobalSection
	GlobalSection(SolutionProperties) = preSolution
		HideSolutionNode = FALSE
	EndGlobalSection
EndGlobal
