
Microsoft Visual Studio Solution File, Format Version 12.00
# Visual Studio 2012
Project("{8BC9CEB8-8B4A-11D0-8D11-00A0C91BC942}") = "Problem_3_cd", "Problem_3_cd\Problem_3_cd.vcxproj", "{76B750F8-FB86-41DB-BFF5-D645BD481353}"
EndProject
Global
	GlobalSection(SolutionConfigurationPlatforms) = preSolution
		Debug|Win32 = Debug|Win32
		Release|Win32 = Release|Win32
	EndGlobalSection
	GlobalSection(ProjectConfigurationPlatforms) = postSolution
		{76B750F8-FB86-41DB-BFF5-D645BD481353}.Debug|Win32.ActiveCfg = Debug|Win32
		{76B750F8-FB86-41DB-BFF5-D645BD481353}.Debug|Win32.Build.0 = Debug|Win32
		{76B750F8-FB86-41DB-BFF5-D645BD481353}.Release|Win32.ActiveCfg = Release|Win32
		{76B750F8-FB86-41DB-BFF5-D645BD481353}.Release|Win32.Build.0 = Release|Win32
	EndGlobalSection
	GlobalSection(SolutionProperties) = preSolution
		HideSolutionNode = FALSE
	EndGlobalSection
EndGlobal
