
Microsoft Visual Studio Solution File, Format Version 12.00
# Visual Studio 2012
Project("{8BC9CEB8-8B4A-11D0-8D11-00A0C91BC942}") = "Problem_6", "Problem_6\Problem_6.vcxproj", "{CFBB69CE-C6B2-4730-8806-3FF947F32741}"
EndProject
Global
	GlobalSection(SolutionConfigurationPlatforms) = preSolution
		Debug|Win32 = Debug|Win32
		Release|Win32 = Release|Win32
	EndGlobalSection
	GlobalSection(ProjectConfigurationPlatforms) = postSolution
		{CFBB69CE-C6B2-4730-8806-3FF947F32741}.Debug|Win32.ActiveCfg = Debug|Win32
		{CFBB69CE-C6B2-4730-8806-3FF947F32741}.Debug|Win32.Build.0 = Debug|Win32
		{CFBB69CE-C6B2-4730-8806-3FF947F32741}.Release|Win32.ActiveCfg = Release|Win32
		{CFBB69CE-C6B2-4730-8806-3FF947F32741}.Release|Win32.Build.0 = Release|Win32
	EndGlobalSection
	GlobalSection(SolutionProperties) = preSolution
		HideSolutionNode = FALSE
	EndGlobalSection
EndGlobal
