
Microsoft Visual Studio Solution File, Format Version 12.00
# Visual Studio 2012
Project("{8BC9CEB8-8B4A-11D0-8D11-00A0C91BC942}") = "Problem_2", "Problem_2\Problem_2.vcxproj", "{753C812E-6CB6-4158-9B86-058CE277BBA8}"
EndProject
Global
	GlobalSection(SolutionConfigurationPlatforms) = preSolution
		Debug|Win32 = Debug|Win32
		Release|Win32 = Release|Win32
	EndGlobalSection
	GlobalSection(ProjectConfigurationPlatforms) = postSolution
		{753C812E-6CB6-4158-9B86-058CE277BBA8}.Debug|Win32.ActiveCfg = Debug|Win32
		{753C812E-6CB6-4158-9B86-058CE277BBA8}.Debug|Win32.Build.0 = Debug|Win32
		{753C812E-6CB6-4158-9B86-058CE277BBA8}.Release|Win32.ActiveCfg = Release|Win32
		{753C812E-6CB6-4158-9B86-058CE277BBA8}.Release|Win32.Build.0 = Release|Win32
	EndGlobalSection
	GlobalSection(SolutionProperties) = preSolution
		HideSolutionNode = FALSE
	EndGlobalSection
EndGlobal
